
Microsoft Visual Studio Solution File, Format Version 12.00
# Visual Studio Version 16
VisualStudioVersion = 16.0.31624.102
MinimumVisualStudioVersion = 10.0.40219.1
Project("{FAE04EC0-301F-11D3-BF4B-00C04F79EFBC}") = "BtsAssist", "BtsAssist\BtsAssist.csproj", "{6B0C4172-124B-47DF-BB25-DC3A8D7ECE3E}"
EndProject
Global
	GlobalSection(SolutionConfigurationPlatforms) = preSolution
		Debug|Any CPU = Debug|Any CPU
		Release|Any CPU = Release|Any CPU
	EndGlobalSection
	GlobalSection(ProjectConfigurationPlatforms) = postSolution
		{6B0C4172-124B-47DF-BB25-DC3A8D7ECE3E}.Debug|Any CPU.ActiveCfg = Debug|Any CPU
		{6B0C4172-124B-47DF-BB25-DC3A8D7ECE3E}.Debug|Any CPU.Build.0 = Debug|Any CPU
		{6B0C4172-124B-47DF-BB25-DC3A8D7ECE3E}.Release|Any CPU.ActiveCfg = Release|Any CPU
		{6B0C4172-124B-47DF-BB25-DC3A8D7ECE3E}.Release|Any CPU.Build.0 = Release|Any CPU
	EndGlobalSection
	GlobalSection(SolutionProperties) = preSolution
		HideSolutionNode = FALSE
	EndGlobalSection
	GlobalSection(ExtensibilityGlobals) = postSolution
		SolutionGuid = {F9332B5B-7B67-4FBD-BE59-909184CCF62C}
	EndGlobalSection
EndGlobal
